{
  "projects": [
    {
      "projectId": "fiUhXe8Zsj5ebqGZX94BP2",
      "version": "latest",
      "dependencies": {},
      "lang": "js",
      "fileLocks": [
        {
          "type": "globalVariant",
          "assetId": "_mM9v86IjXYUD4",
          "checksum": "beb24a4708bddc2d3ae04ac2064cadc4"
        },
        {
          "assetId": "fiUhXe8Zsj5ebqGZX94BP2",
          "type": "projectCss",
          "checksum": "59f3cbaf3ba5cd093dc43cd0ae37035f"
        },
        {
          "type": "renderModule",
          "assetId": "l2dAb9PJtat-7",
          "checksum": "1bb56bcab33275090732e13e50dc7d9f"
        },
        {
          "type": "cssRules",
          "assetId": "l2dAb9PJtat-7",
          "checksum": "1bb56bcab33275090732e13e50dc7d9f"
        },
        {
          "type": "renderModule",
          "assetId": "u8oeSPIH8n4ri",
          "checksum": "a0aa06537c3a21a5be98c734bb0488a6"
        },
        {
          "type": "cssRules",
          "assetId": "u8oeSPIH8n4ri",
          "checksum": "a0aa06537c3a21a5be98c734bb0488a6"
        },
        {
          "type": "renderModule",
          "assetId": "I7cLGI410FMII1",
          "checksum": "c062e3a1a340fddf8250a55ef1b8eaec"
        },
        {
          "type": "cssRules",
          "assetId": "I7cLGI410FMII1",
          "checksum": "c062e3a1a340fddf8250a55ef1b8eaec"
        },
        {
          "type": "renderModule",
          "assetId": "xRwN3d8eceeAko",
          "checksum": "6ca584cd4f40ea38c88dd37fd72b0348"
        },
        {
          "type": "cssRules",
          "assetId": "xRwN3d8eceeAko",
          "checksum": "6ca584cd4f40ea38c88dd37fd72b0348"
        },
        {
          "type": "renderModule",
          "assetId": "OTWmFieJ4udvWR",
          "checksum": "fd7fe7beb23481dab058d240fe1bb544"
        },
        {
          "type": "cssRules",
          "assetId": "OTWmFieJ4udvWR",
          "checksum": "fd7fe7beb23481dab058d240fe1bb544"
        },
        {
          "type": "renderModule",
          "assetId": "VIrrvOuHwKpPSQ",
          "checksum": "f5f05b9f6b33d3ba6daeca287b89ade3"
        },
        {
          "type": "cssRules",
          "assetId": "VIrrvOuHwKpPSQ",
          "checksum": "f5f05b9f6b33d3ba6daeca287b89ade3"
        },
        {
          "type": "renderModule",
          "assetId": "w3al5T49Oneev4",
          "checksum": "e4ca6e687bf2a8facb971d038a4f6ddf"
        },
        {
          "type": "cssRules",
          "assetId": "w3al5T49Oneev4",
          "checksum": "e4ca6e687bf2a8facb971d038a4f6ddf"
        },
        {
          "type": "renderModule",
          "assetId": "X1Sp3Qobs3uAje",
          "checksum": "3e0f3309cc6064796dc729fab683dc20"
        },
        {
          "type": "cssRules",
          "assetId": "X1Sp3Qobs3uAje",
          "checksum": "3e0f3309cc6064796dc729fab683dc20"
        },
        {
          "type": "renderModule",
          "assetId": "VdFVE4AY4hAv4K",
          "checksum": "df707f5fbdb6a1312cfcdb0e9e946d9c"
        },
        {
          "type": "cssRules",
          "assetId": "VdFVE4AY4hAv4K",
          "checksum": "df707f5fbdb6a1312cfcdb0e9e946d9c"
        },
        {
          "type": "renderModule",
          "assetId": "-i7oK4OSoEqa5A",
          "checksum": "91c9ce846fab4705e6a3f31cb1451508"
        },
        {
          "type": "cssRules",
          "assetId": "-i7oK4OSoEqa5A",
          "checksum": "91c9ce846fab4705e6a3f31cb1451508"
        },
        {
          "type": "renderModule",
          "assetId": "RLj7zAVIY5v7a5",
          "checksum": "4799dd8d66c4412786ac56cfae404751"
        },
        {
          "type": "cssRules",
          "assetId": "RLj7zAVIY5v7a5",
          "checksum": "4799dd8d66c4412786ac56cfae404751"
        },
        {
          "type": "renderModule",
          "assetId": "R8BdvM5TJ4CRD2",
          "checksum": "434f01b9fcc3e3b3a6029dd6f2e437be"
        },
        {
          "type": "cssRules",
          "assetId": "R8BdvM5TJ4CRD2",
          "checksum": "434f01b9fcc3e3b3a6029dd6f2e437be"
        },
        {
          "type": "renderModule",
          "assetId": "pe7ptBCXmgryRN",
          "checksum": "66a84642e116ee9a0e6bedca9ece7bff"
        },
        {
          "type": "cssRules",
          "assetId": "pe7ptBCXmgryRN",
          "checksum": "66a84642e116ee9a0e6bedca9ece7bff"
        },
        {
          "type": "renderModule",
          "assetId": "0refIcE3Mnn1zR",
          "checksum": "6c7c136c325002a44f0a6e066ce2b4c6"
        },
        {
          "type": "cssRules",
          "assetId": "0refIcE3Mnn1zR",
          "checksum": "6c7c136c325002a44f0a6e066ce2b4c6"
        },
        {
          "type": "renderModule",
          "assetId": "D46hkbxTadvyts",
          "checksum": "68fb1a7e5bac0b5778589079e8fce769"
        },
        {
          "type": "cssRules",
          "assetId": "D46hkbxTadvyts",
          "checksum": "68fb1a7e5bac0b5778589079e8fce769"
        },
        {
          "type": "renderModule",
          "assetId": "a3wMfXsoREOODM",
          "checksum": "55e6dc3228a283373d1896eade68e21b"
        },
        {
          "type": "cssRules",
          "assetId": "a3wMfXsoREOODM",
          "checksum": "55e6dc3228a283373d1896eade68e21b"
        },
        {
          "type": "renderModule",
          "assetId": "u3pwRzE0w1mhIF",
          "checksum": "7e15fd1a41130c3487b58652c0ced43d"
        },
        {
          "type": "cssRules",
          "assetId": "u3pwRzE0w1mhIF",
          "checksum": "7e15fd1a41130c3487b58652c0ced43d"
        },
        {
          "type": "renderModule",
          "assetId": "0hVzu_3n8rGHR_",
          "checksum": "40f61111cb0fcf112a08f3578127b2fc"
        },
        {
          "type": "cssRules",
          "assetId": "0hVzu_3n8rGHR_",
          "checksum": "40f61111cb0fcf112a08f3578127b2fc"
        },
        {
          "type": "renderModule",
          "assetId": "PF3grWFsCY_LNV",
          "checksum": "22eedc6c217d6c6f49932f5db31dc8db"
        },
        {
          "type": "cssRules",
          "assetId": "PF3grWFsCY_LNV",
          "checksum": "22eedc6c217d6c6f49932f5db31dc8db"
        },
        {
          "type": "renderModule",
          "assetId": "z_KrvXv5nJ0reg",
          "checksum": "42b3f54de847344733973de736bdd755"
        },
        {
          "type": "cssRules",
          "assetId": "z_KrvXv5nJ0reg",
          "checksum": "42b3f54de847344733973de736bdd755"
        },
        {
          "type": "renderModule",
          "assetId": "LISglrHcf-wio9",
          "checksum": "78730ff9bcfc5363ea1a8025de0ca0ce"
        },
        {
          "type": "cssRules",
          "assetId": "LISglrHcf-wio9",
          "checksum": "78730ff9bcfc5363ea1a8025de0ca0ce"
        },
        {
          "type": "renderModule",
          "assetId": "9CvEZtdoLJnhYg",
          "checksum": "1479c05b87727fc3f68b94f4af957332"
        },
        {
          "type": "cssRules",
          "assetId": "9CvEZtdoLJnhYg",
          "checksum": "1479c05b87727fc3f68b94f4af957332"
        },
        {
          "type": "renderModule",
          "assetId": "kIspwe_6vJFC1u",
          "checksum": "a74ea6fff14b1203963a12bb9a26eef4"
        },
        {
          "type": "cssRules",
          "assetId": "kIspwe_6vJFC1u",
          "checksum": "a74ea6fff14b1203963a12bb9a26eef4"
        },
        {
          "type": "renderModule",
          "assetId": "9b-8ocnsuNcwQN",
          "checksum": "12f3b62beef2bdb69da741864ca9f1a8"
        },
        {
          "type": "cssRules",
          "assetId": "9b-8ocnsuNcwQN",
          "checksum": "12f3b62beef2bdb69da741864ca9f1a8"
        },
        {
          "type": "renderModule",
          "assetId": "J5pjwZEZFc7kRk",
          "checksum": "74d745be254eb1979ff25d28fcd2abb8"
        },
        {
          "type": "cssRules",
          "assetId": "J5pjwZEZFc7kRk",
          "checksum": "74d745be254eb1979ff25d28fcd2abb8"
        },
        {
          "type": "renderModule",
          "assetId": "EGB_N7nyj8Q18s",
          "checksum": "f6e436374c55e05a448db269a2292d43"
        },
        {
          "type": "cssRules",
          "assetId": "EGB_N7nyj8Q18s",
          "checksum": "f6e436374c55e05a448db269a2292d43"
        },
        {
          "type": "renderModule",
          "assetId": "TVy4Zilk6i8OBz",
          "checksum": "e32c421a4889f84fce450509d3ac63d7"
        },
        {
          "type": "cssRules",
          "assetId": "TVy4Zilk6i8OBz",
          "checksum": "e32c421a4889f84fce450509d3ac63d7"
        },
        {
          "type": "renderModule",
          "assetId": "SO_vbTacIlpeAq",
          "checksum": "384b624b22ae288df510690aeeb51869"
        },
        {
          "type": "cssRules",
          "assetId": "SO_vbTacIlpeAq",
          "checksum": "384b624b22ae288df510690aeeb51869"
        },
        {
          "type": "renderModule",
          "assetId": "kMLa_OHulpq51m",
          "checksum": "3df5ce5deeff5466bc67612dec0e6df6"
        },
        {
          "type": "cssRules",
          "assetId": "kMLa_OHulpq51m",
          "checksum": "3df5ce5deeff5466bc67612dec0e6df6"
        },
        {
          "type": "renderModule",
          "assetId": "YAQxoICWcz-4KZ",
          "checksum": "6f3b0a703de937e0675cab3ac2e7c2d0"
        },
        {
          "type": "cssRules",
          "assetId": "YAQxoICWcz-4KZ",
          "checksum": "6f3b0a703de937e0675cab3ac2e7c2d0"
        },
        {
          "type": "renderModule",
          "assetId": "yVmN5ZBq4DqTIC",
          "checksum": "4bc8a09ad52551cae68b0752321e86e7"
        },
        {
          "type": "cssRules",
          "assetId": "yVmN5ZBq4DqTIC",
          "checksum": "4bc8a09ad52551cae68b0752321e86e7"
        },
        {
          "type": "renderModule",
          "assetId": "ux4FEnyvpYD0Ev",
          "checksum": "29c87ca3b76d9e69fa770c1ea610a25f"
        },
        {
          "type": "cssRules",
          "assetId": "ux4FEnyvpYD0Ev",
          "checksum": "29c87ca3b76d9e69fa770c1ea610a25f"
        },
        {
          "type": "renderModule",
          "assetId": "-qLogf7mg_p55n",
          "checksum": "af69fae0ba41c9ef3c71bbb21b656884"
        },
        {
          "type": "cssRules",
          "assetId": "-qLogf7mg_p55n",
          "checksum": "af69fae0ba41c9ef3c71bbb21b656884"
        },
        {
          "type": "renderModule",
          "assetId": "HBRcdoHSsVXpr9",
          "checksum": "55001603a60b7ce7704d4a909963fd54"
        },
        {
          "type": "cssRules",
          "assetId": "HBRcdoHSsVXpr9",
          "checksum": "55001603a60b7ce7704d4a909963fd54"
        },
        {
          "type": "renderModule",
          "assetId": "XyH3a2CBCzckhY",
          "checksum": "f031dfd27833725159da8c1e49c916a5"
        },
        {
          "type": "cssRules",
          "assetId": "XyH3a2CBCzckhY",
          "checksum": "f031dfd27833725159da8c1e49c916a5"
        },
        {
          "type": "renderModule",
          "assetId": "Xh2B7dNtaG28L2",
          "checksum": "fe1c7e06665bc49e622ec29880992b45"
        },
        {
          "type": "cssRules",
          "assetId": "Xh2B7dNtaG28L2",
          "checksum": "fe1c7e06665bc49e622ec29880992b45"
        },
        {
          "type": "renderModule",
          "assetId": "akVBoiqUcSRJsX",
          "checksum": "4a09547c00b52d0305e650ecc4522dae"
        },
        {
          "type": "cssRules",
          "assetId": "akVBoiqUcSRJsX",
          "checksum": "4a09547c00b52d0305e650ecc4522dae"
        },
        {
          "type": "renderModule",
          "assetId": "dcekygE-bgvCtJ",
          "checksum": "c58d6a695656597ca6d0efde2734ce56"
        },
        {
          "type": "cssRules",
          "assetId": "dcekygE-bgvCtJ",
          "checksum": "c58d6a695656597ca6d0efde2734ce56"
        },
        {
          "type": "renderModule",
          "assetId": "ssCuor2xJoLhzK",
          "checksum": "abb5da6c4026b70bed58c3cf9a2192ec"
        },
        {
          "type": "cssRules",
          "assetId": "ssCuor2xJoLhzK",
          "checksum": "abb5da6c4026b70bed58c3cf9a2192ec"
        },
        {
          "type": "renderModule",
          "assetId": "BS2hJkXU4ZpCvL",
          "checksum": "1eba86d62a5be6906c381cb5de302bb3"
        },
        {
          "type": "cssRules",
          "assetId": "BS2hJkXU4ZpCvL",
          "checksum": "1eba86d62a5be6906c381cb5de302bb3"
        },
        {
          "type": "renderModule",
          "assetId": "PklCkyL2OYIY_M",
          "checksum": "5c29a7986443ddb06e748827271e468f"
        },
        {
          "type": "cssRules",
          "assetId": "PklCkyL2OYIY_M",
          "checksum": "5c29a7986443ddb06e748827271e468f"
        },
        {
          "type": "renderModule",
          "assetId": "GGryJSzOd33Izh",
          "checksum": "cc3fd66bd7eaa663f37ab60ea4d24afb"
        },
        {
          "type": "cssRules",
          "assetId": "GGryJSzOd33Izh",
          "checksum": "cc3fd66bd7eaa663f37ab60ea4d24afb"
        },
        {
          "type": "renderModule",
          "assetId": "IYDGxHcqfIqWTh",
          "checksum": "2efc7f477ca867981df0c178c0a7b755"
        },
        {
          "type": "cssRules",
          "assetId": "IYDGxHcqfIqWTh",
          "checksum": "2efc7f477ca867981df0c178c0a7b755"
        },
        {
          "type": "renderModule",
          "assetId": "gYHsV3dYRQcR2F",
          "checksum": "eb32f9fb6e3cd16f9baed3b9abbeb946"
        },
        {
          "type": "cssRules",
          "assetId": "gYHsV3dYRQcR2F",
          "checksum": "eb32f9fb6e3cd16f9baed3b9abbeb946"
        },
        {
          "type": "renderModule",
          "assetId": "RgzyrleX8lCaW-",
          "checksum": "a56d3814d96e592e8e1290e8e979e9c8"
        },
        {
          "type": "cssRules",
          "assetId": "RgzyrleX8lCaW-",
          "checksum": "a56d3814d96e592e8e1290e8e979e9c8"
        },
        {
          "type": "renderModule",
          "assetId": "cQ01uZinaMXxb6",
          "checksum": "bef14d8ea6d652066eefa22fc624a65d"
        },
        {
          "type": "cssRules",
          "assetId": "cQ01uZinaMXxb6",
          "checksum": "bef14d8ea6d652066eefa22fc624a65d"
        },
        {
          "type": "renderModule",
          "assetId": "o3TQNZCwPNJsCF",
          "checksum": "969ef3b3d646acea6cb9d6f5203e7e8f"
        },
        {
          "type": "cssRules",
          "assetId": "o3TQNZCwPNJsCF",
          "checksum": "969ef3b3d646acea6cb9d6f5203e7e8f"
        },
        {
          "type": "renderModule",
          "assetId": "kjPwt3CG0EPzWd",
          "checksum": "edf542e943cacb5d841832c2b4df04e2"
        },
        {
          "type": "cssRules",
          "assetId": "kjPwt3CG0EPzWd",
          "checksum": "edf542e943cacb5d841832c2b4df04e2"
        },
        {
          "type": "renderModule",
          "assetId": "6RHdKIDb1Qc11o",
          "checksum": "ea5ab2047f45d291e19322d750b5c200"
        },
        {
          "type": "cssRules",
          "assetId": "6RHdKIDb1Qc11o",
          "checksum": "ea5ab2047f45d291e19322d750b5c200"
        },
        {
          "type": "renderModule",
          "assetId": "C3JXD7Tu7fgxFr",
          "checksum": "91a54406b557b897f04a9a2730535c4c"
        },
        {
          "type": "cssRules",
          "assetId": "C3JXD7Tu7fgxFr",
          "checksum": "91a54406b557b897f04a9a2730535c4c"
        },
        {
          "type": "renderModule",
          "assetId": "YjuFJQ7Ed4rJzF",
          "checksum": "3f89980f590112f3296c6c032aceab8e"
        },
        {
          "type": "cssRules",
          "assetId": "YjuFJQ7Ed4rJzF",
          "checksum": "3f89980f590112f3296c6c032aceab8e"
        },
        {
          "type": "renderModule",
          "assetId": "a2T9DJbjn5",
          "checksum": "42bc11dfb66a099a399606b871924f24"
        },
        {
          "type": "cssRules",
          "assetId": "a2T9DJbjn5",
          "checksum": "42bc11dfb66a099a399606b871924f24"
        },
        {
          "type": "icon",
          "assetId": "iwoWJL22TqD842",
          "checksum": "5f263ac684ca2fd60d615ab35aa801b7"
        },
        {
          "type": "icon",
          "assetId": "Sl3hJDCgKV6Yal",
          "checksum": "815580caa44b14a19e6aee6ae9d453b6"
        },
        {
          "type": "icon",
          "assetId": "SehUfDeCUwXO98",
          "checksum": "dc0bc81ab333346c9ba3302d4335d543"
        },
        {
          "type": "icon",
          "assetId": "mvJ6GyKo0-fTsp",
          "checksum": "0dd5692240d1f014f5d022f60a023dac"
        },
        {
          "type": "icon",
          "assetId": "Eabx_pGx2yx4bU",
          "checksum": "1dee253e77460afc8a5270187ae0baa3"
        },
        {
          "type": "icon",
          "assetId": "YUHnm3g_e_DPri",
          "checksum": "6bd500745fcd374225217c4a96a4e3a1"
        },
        {
          "type": "icon",
          "assetId": "P1UkrvurRInfjy",
          "checksum": "597f09593d8605cce82f0f75042d12a0"
        },
        {
          "type": "icon",
          "assetId": "irkbSyxCCA1lk1",
          "checksum": "a42ff5337634a9b905f75e079551f9da"
        },
        {
          "type": "icon",
          "assetId": "WwsHjitZDY0pm1",
          "checksum": "df96e4e630ea9e10cf8589908162121a"
        },
        {
          "type": "icon",
          "assetId": "dHuMjPVhoR398a",
          "checksum": "1a93e6ac22d58f10d0e57bc53696a660"
        },
        {
          "type": "icon",
          "assetId": "En2OdkbH6qwvE6",
          "checksum": "9a47ff1d1811a5e8349eb78ad621ba88"
        },
        {
          "type": "icon",
          "assetId": "eRjry5bc-wzRKQ",
          "checksum": "1679f1b76379a880fb98ca2ef151d461"
        },
        {
          "type": "icon",
          "assetId": "sWIQcgAmyUL4qh",
          "checksum": "f641f4f3cebe6ea4926246240fe40db8"
        },
        {
          "type": "icon",
          "assetId": "TBZdxsNnv8X7aA",
          "checksum": "24879a7c804028c6a321de3474873cb7"
        },
        {
          "type": "icon",
          "assetId": "_2V6ztEEg7ltes",
          "checksum": "b445ff8ea79ae606d1f08350ded75fdb"
        },
        {
          "type": "icon",
          "assetId": "Q-RXCjALAdhmm1",
          "checksum": "4433141edbe09ac10687879625cc7fa5"
        },
        {
          "type": "icon",
          "assetId": "T1iDfvdolZwobp",
          "checksum": "9f70b07561fd783c9cadb9acd6492da7"
        },
        {
          "type": "icon",
          "assetId": "_OUwahdFHY-uQ3",
          "checksum": "1fef96554aa98bdd3ce63d45ffb57e6e"
        },
        {
          "type": "icon",
          "assetId": "siYUwvCrTb2qT_",
          "checksum": "ce0db1b9547c45581c6669282301e32c"
        },
        {
          "type": "icon",
          "assetId": "VzIklkFD_bUidj",
          "checksum": "d02d5ff5897633ec8b045102437b1c53"
        },
        {
          "type": "icon",
          "assetId": "mCoEog8Ozs2ToA",
          "checksum": "56bf65d7f27b2885e859e9a87344e139"
        },
        {
          "type": "icon",
          "assetId": "2d4qqdXmQTynP4",
          "checksum": "f72cdb10dd12ff6a973d54535e10922f"
        },
        {
          "type": "icon",
          "assetId": "Ss-fB0qNYj5bYe",
          "checksum": "a410c639040df63553073781af5778c4"
        },
        {
          "type": "icon",
          "assetId": "SRy8TumherXb8H",
          "checksum": "2d0e7fa004c67b13f94a4f8c98631e0c"
        },
        {
          "type": "icon",
          "assetId": "PAUUQ5GhgCFrSG",
          "checksum": "0ca480156959dde8ee19629b6e4a6c2f"
        },
        {
          "type": "icon",
          "assetId": "AtW57hPzrhtQ7q",
          "checksum": "d05ad1041e817972d801df7022f08cc3"
        },
        {
          "type": "icon",
          "assetId": "8mjPlgr744cccj",
          "checksum": "93cd27a9877ffb68d0ab3f74697af92d"
        },
        {
          "type": "icon",
          "assetId": "o75tSpBSxzChbi",
          "checksum": "4f62aa4ba19df96e0a789ac84b0b8c81"
        },
        {
          "type": "icon",
          "assetId": "76MujXJrDyDs3J",
          "checksum": "5bb0aff74fd3a794183b23908b79f95e"
        },
        {
          "type": "icon",
          "assetId": "J3caHQ0pmg8Z6-",
          "checksum": "9769e6e5b3053a9e6689cf4ee973917d"
        },
        {
          "type": "icon",
          "assetId": "t2Tto-7o5qKu0U",
          "checksum": "eb079ecd04c500f6f73205541c49aafa"
        },
        {
          "type": "icon",
          "assetId": "vVnSWOXuVe3Jqi",
          "checksum": "5537e19be6a2cbe157186018268406b1"
        },
        {
          "type": "icon",
          "assetId": "K81qB-C4BAsTKV",
          "checksum": "e24d5a6010216b75858d0d92738fb9c7"
        },
        {
          "type": "image",
          "assetId": "5ys3i8ADEmYCbp",
          "checksum": "2d82708f5dec8f609e783f1c12ebdad5"
        },
        {
          "type": "image",
          "assetId": "uD9flof0jI3Cxv",
          "checksum": "52a4e1ba605de6674f7d8da0f14b420d"
        },
        {
          "type": "image",
          "assetId": "k-1WQmBRtveJ-_",
          "checksum": "95e8935078e81166fca9413d0f958f93"
        },
        {
          "type": "image",
          "assetId": "XQKyVek0XzwwXK",
          "checksum": "776d0383d150d8ceedb9e80d8aa1bc7a"
        },
        {
          "type": "image",
          "assetId": "x2_DWGRQxs5hOP",
          "checksum": "c8b9ad1a6f0149b8d9c33e7592c029bf"
        },
        {
          "type": "image",
          "assetId": "tM2N9NnOy3RgTT",
          "checksum": "8fbb187d5e97a7a9b040c2b519c437c4"
        },
        {
          "type": "image",
          "assetId": "u645YKAUroJnpy",
          "checksum": "307ed80c64f9d4edf36ab3d52803df40"
        },
        {
          "type": "image",
          "assetId": "_RGYZmwoQGg3QE",
          "checksum": "64555b95b264be4ff28b8026605972d0"
        },
        {
          "type": "image",
          "assetId": "xvHfryZNs4zGfP",
          "checksum": "ab79611e21125960a1298d6a0ee34ce7"
        },
        {
          "type": "image",
          "assetId": "-7HZCdZKoQjEwJ",
          "checksum": "244bbc38f0acc8fddc7d8e0506dddec2"
        },
        {
          "type": "image",
          "assetId": "Llx7CxkhMl265G",
          "checksum": "fa569ed8d93a7ebbeb1932a56595b776"
        },
        {
          "type": "image",
          "assetId": "LBUxG8DfNJten7",
          "checksum": "81e789e8d04f630e17d66663bbc41a3b"
        },
        {
          "type": "image",
          "assetId": "rzXadYKCMddGMT",
          "checksum": "1ef0573ed9d98abeddf6831109ae175d"
        },
        {
          "type": "image",
          "assetId": "jeSSZdkf2CXq2O",
          "checksum": "31375736a00c5730f51ced8c799356ce"
        },
        {
          "type": "image",
          "assetId": "oO20WYmzLftcmJ",
          "checksum": "987c9919f6b0ee4f6621177324c69a2f"
        },
        {
          "type": "image",
          "assetId": "T9hfg3zm7ZvkZa",
          "checksum": "e45d2b6c111a7c488dd27b81899fd310"
        },
        {
          "type": "image",
          "assetId": "hN5TFTC3ntjO6V",
          "checksum": "0ea5f7ca8b842e786918142c65715660"
        },
        {
          "type": "image",
          "assetId": "5QxmKvPAsYl0p1",
          "checksum": "376d872d5a0bede0faec75208878c3ed"
        },
        {
          "type": "image",
          "assetId": "z28tkL-b-Pon9L",
          "checksum": "310298eb0e4916211066799ea16cf36c"
        },
        {
          "type": "image",
          "assetId": "2WyAR9gP8reZOh",
          "checksum": "e44f2e9f32d6509c707715c966d8b922"
        },
        {
          "type": "image",
          "assetId": "zrjM1ZIj8RVh6T",
          "checksum": "9ae918bdb670f71badb18ef6b034d220"
        },
        {
          "type": "image",
          "assetId": "JejfYndyug5kqd",
          "checksum": "f88dd424dc50822dca0f404708bdefaf"
        },
        {
          "type": "image",
          "assetId": "xVb7ZDjOwe0Bh4",
          "checksum": "5e864e2aa09e49025709683ea709e567"
        },
        {
          "type": "image",
          "assetId": "25lLjBzZ0eapkO",
          "checksum": "7ced2813ee3736bcaaae32074f7d42f3"
        },
        {
          "type": "image",
          "assetId": "2tYJ0wk6T8-I2V",
          "checksum": "3f10cfdeb43fc48558fc5f938c4a76b9"
        },
        {
          "type": "image",
          "assetId": "4MB8zaUickLUhw",
          "checksum": "1d8867cdc9e2e2f162fd5b9e741a2475"
        },
        {
          "type": "image",
          "assetId": "vDZ-fQBEmtWRuQ",
          "checksum": "4d7f48e9fcf27b14b31a0dcdfc16b1d9"
        },
        {
          "type": "image",
          "assetId": "CGcvAG-h0BE3Fy",
          "checksum": "fc1bc46975941387a573331c0e63debc"
        },
        {
          "type": "image",
          "assetId": "SbieCXItqX6L38",
          "checksum": "ce5b97da6078155294128241d3d08c1e"
        },
        {
          "type": "image",
          "assetId": "K9j5mOf4F3NXYV",
          "checksum": "47b2e65115b2e4e98ad54fa8d3070ade"
        },
        {
          "type": "image",
          "assetId": "Lfb9zt6EBUfCcN",
          "checksum": "f834fa3a59173eaeadd10a196c0aaa68"
        },
        {
          "type": "image",
          "assetId": "pwDb-vPIFMnXQ9",
          "checksum": "3238e2b02319a6338316a9a2175f2de9"
        },
        {
          "type": "image",
          "assetId": "eb6hIKe4pk5Jp9",
          "checksum": "dde0e94e27350cc2d91db3d0f24e0f72"
        },
        {
          "type": "image",
          "assetId": "vGgq3jxlh6rmKK",
          "checksum": "0e28a8deb5424a95571d103055a24df8"
        },
        {
          "type": "image",
          "assetId": "Xc10xRDnpupMCM",
          "checksum": "7b06c1aebec16cb634a57a4866b923f3"
        },
        {
          "type": "image",
          "assetId": "rYNjh5ejvZgfbQ",
          "checksum": "54a888daf1a1a6ee192fbe126b11820b"
        },
        {
          "type": "image",
          "assetId": "KRvYMq4k9cf7YI",
          "checksum": "2ab8410862d8d74dfd14e1ce5c9ebc84"
        },
        {
          "type": "image",
          "assetId": "KhbmGZ3LZJVpgq",
          "checksum": "79410e154b7ea0b14bd068f40faf2635"
        },
        {
          "type": "image",
          "assetId": "xTDU8aqC1OigZS",
          "checksum": "85666e756c84cdc0e278fbf1110215cc"
        },
        {
          "type": "image",
          "assetId": "herU-dngv_GgMs",
          "checksum": "9c6b5618f63afac303eae3ec252ee5f8"
        },
        {
          "type": "image",
          "assetId": "K9q-B8CcoKYPxy",
          "checksum": "ad6618d63209ebcdd3a2cf3e37f8a564"
        },
        {
          "type": "image",
          "assetId": "zHSG8zS0zMDe1Q",
          "checksum": "9d9205e65aca7713926ca7810762baa2"
        }
      ]
    }
  ],
  "cliVersion": "0.1.133"
}
